
Microsoft Visual Studio Solution File, Format Version 12.00
# Visual Studio Version 16
VisualStudioVersion = 16.0.29503.13
MinimumVisualStudioVersion = 10.0.40219.1
Project("{9A19103F-16F7-4668-BE54-9A1E7A4F7556}") = "Game", "Game\Game.csproj", "{ED864457-7270-482D-A50B-44C2D19EDC97}"
EndProject
Global
	GlobalSection(SolutionConfigurationPlatforms) = preSolution
		Debug|Any CPU = Debug|Any CPU
		Release|Any CPU = Release|Any CPU
	EndGlobalSection
	GlobalSection(ProjectConfigurationPlatforms) = postSolution
		{ED864457-7270-482D-A50B-44C2D19EDC97}.Debug|Any CPU.ActiveCfg = Debug|Any CPU
		{ED864457-7270-482D-A50B-44C2D19EDC97}.Debug|Any CPU.Build.0 = Debug|Any CPU
		{ED864457-7270-482D-A50B-44C2D19EDC97}.Release|Any CPU.ActiveCfg = Release|Any CPU
		{ED864457-7270-482D-A50B-44C2D19EDC97}.Release|Any CPU.Build.0 = Release|Any CPU
	EndGlobalSection
	GlobalSection(SolutionProperties) = preSolution
		HideSolutionNode = FALSE
	EndGlobalSection
	GlobalSection(ExtensibilityGlobals) = postSolution
		SolutionGuid = {A70FDA77-A4A1-4EBD-A962-E80E9A49494D}
	EndGlobalSection
EndGlobal
